
Microsoft Visual Studio Solution File, Format Version 12.00
# Visual Studio Version 17
VisualStudioVersion = 17.8.34309.116
MinimumVisualStudioVersion = 10.0.40219.1
Project("{FAE04EC0-301F-11D3-BF4B-00C04F79EFBC}") = "AdobePdfApi", "AdobePdfApi.csproj", "{0B6242A9-E1D8-4BFC-B627-9136F71767BD}"
EndProject
Global
	GlobalSection(SolutionConfigurationPlatforms) = preSolution
		Debug|Any CPU = Debug|Any CPU
		Release|Any CPU = Release|Any CPU
	EndGlobalSection
	GlobalSection(ProjectConfigurationPlatforms) = postSolution
		{0B6242A9-E1D8-4BFC-B627-9136F71767BD}.Debug|Any CPU.ActiveCfg = Debug|Any CPU
		{0B6242A9-E1D8-4BFC-B627-9136F71767BD}.Debug|Any CPU.Build.0 = Debug|Any CPU
		{0B6242A9-E1D8-4BFC-B627-9136F71767BD}.Release|Any CPU.ActiveCfg = Release|Any CPU
		{0B6242A9-E1D8-4BFC-B627-9136F71767BD}.Release|Any CPU.Build.0 = Release|Any CPU
	EndGlobalSection
	GlobalSection(SolutionProperties) = preSolution
		HideSolutionNode = FALSE
	EndGlobalSection
	GlobalSection(ExtensibilityGlobals) = postSolution
		SolutionGuid = {1004F0F5-86C4-4E25-8CBF-B1DE5E5648DA}
	EndGlobalSection
EndGlobal
